Microsoft Visual Studio Solution File, Format Version 12.00
# Visual Studio Version 17
VisualStudioVersion = 17.3.32929.385
MinimumVisualStudioVersion = 10.0.40219.1
Project("{2150E333-8FDC-42A3-9474-1A3956D46DE8}") = "Application", "Application", "{19556493-8DC3-4037-9B1B-1C6C76FD2324}"
EndProject
Project("{2150E333-8FDC-42A3-9474-1A3956D46DE8}") = "Infrastructure", "Infrastructure", "{04D85AD3-F456-4FF6-BD9B-08F4A5B89D6B}"
EndProject
Project("{2150E333-8FDC-42A3-9474-1A3956D46DE8}") = "Common", "Common", "{2F457731-5E8F-4FDB-BC56-09855D3E6DED}"
EndProject
Project("{2150E333-8FDC-42A3-9474-1A3956D46DE8}") = "Microservices", "Microservices", "{2D39AE4B-B8E5-4E74-9DCE-35A6D4AD9BE8}"
EndProject
Project("{2150E333-8FDC-42A3-9474-1A3956D46DE8}") = "Complaints", "Complaints", "{F313EE6E-D395-4C4F-BBE8-B896F910034A}"
EndProject
Project("{2150E333-8FDC-42A3-9474-1A3956D46DE8}") = "Domain", "Domain", "{A63206E9-66C6-4BF6-A547-00CC125DAB62}"
EndProject
Project("{2150E333-8FDC-42A3-9474-1A3956D46DE8}") = "Utility", "Utility", "{25A55FF5-A906-4818-98B8-EA465E15E34C}"
EndProject
Project("{2150E333-8FDC-42A3-9474-1A3956D46DE8}") = "Presentation", "Presentation", "{0689C6ED-3692-4A54-842E-91C8C57D108A}"
EndProject
Project("{9A19103F-16F7-4668-BE54-9A1E7A4F7556}") = "Utility", "Utility\Utility.csproj", "{5DE30F9C-E514-4C25-967F-78AE7DD14C29}"
EndProject
Project("{9A19103F-16F7-4668-BE54-9A1E7A4F7556}") = "Application", "Application\Application.csproj", "{F891E15B-B0F0-4E45-87F0-CB35ABB87D22}"
EndProject
Project("{9A19103F-16F7-4668-BE54-9A1E7A4F7556}") = "Domain", "Domain\Domain.csproj", "{9BDABD13-03D9-4AE1-A7F3-1D55F38EC1FD}"
EndProject
Project("{9A19103F-16F7-4668-BE54-9A1E7A4F7556}") = "Api", "Api\Api.csproj", "{596B796C-5697-4F35-88D6-0EF2EF36A6EE}"
EndProject
Project("{9A19103F-16F7-4668-BE54-9A1E7A4F7556}") = "DataAccess", "DataAccess\DataAccess.csproj", "{444F0CA4-FF59-4288-B517-81FFDFDA18C7}"
EndProject
Project("{9A19103F-16F7-4668-BE54-9A1E7A4F7556}") = "Proxy", "Proxy\Proxy.csproj", "{6A6ABF11-8230-4BB7-B10E-A27626202999}"
EndProject
Global
	GlobalSection(SolutionConfigurationPlatforms) = preSolution
		Debug|Any CPU = Debug|Any CPU
		Release|Any CPU = Release|Any CPU
	EndGlobalSection
	GlobalSection(ProjectConfigurationPlatforms) = postSolution
		{5DE30F9C-E514-4C25-967F-78AE7DD14C29}.Debug|Any CPU.ActiveCfg = Debug|Any CPU
		{5DE30F9C-E514-4C25-967F-78AE7DD14C29}.Debug|Any CPU.Build.0 = Debug|Any CPU
		{5DE30F9C-E514-4C25-967F-78AE7DD14C29}.Release|Any CPU.ActiveCfg = Release|Any CPU
		{5DE30F9C-E514-4C25-967F-78AE7DD14C29}.Release|Any CPU.Build.0 = Release|Any CPU
		{F891E15B-B0F0-4E45-87F0-CB35ABB87D22}.Debug|Any CPU.ActiveCfg = Debug|Any CPU
		{F891E15B-B0F0-4E45-87F0-CB35ABB87D22}.Debug|Any CPU.Build.0 = Debug|Any CPU
		{F891E15B-B0F0-4E45-87F0-CB35ABB87D22}.Release|Any CPU.ActiveCfg = Release|Any CPU
		{F891E15B-B0F0-4E45-87F0-CB35ABB87D22}.Release|Any CPU.Build.0 = Release|Any CPU
		{9BDABD13-03D9-4AE1-A7F3-1D55F38EC1FD}.Debug|Any CPU.ActiveCfg = Debug|Any CPU
		{9BDABD13-03D9-4AE1-A7F3-1D55F38EC1FD}.Debug|Any CPU.Build.0 = Debug|Any CPU
		{9BDABD13-03D9-4AE1-A7F3-1D55F38EC1FD}.Release|Any CPU.ActiveCfg = Release|Any CPU
		{9BDABD13-03D9-4AE1-A7F3-1D55F38EC1FD}.Release|Any CPU.Build.0 = Release|Any CPU
		{596B796C-5697-4F35-88D6-0EF2EF36A6EE}.Debug|Any CPU.ActiveCfg = Debug|Any CPU
		{596B796C-5697-4F35-88D6-0EF2EF36A6EE}.Debug|Any CPU.Build.0 = Debug|Any CPU
		{596B796C-5697-4F35-88D6-0EF2EF36A6EE}.Release|Any CPU.ActiveCfg = Release|Any CPU
		{596B796C-5697-4F35-88D6-0EF2EF36A6EE}.Release|Any CPU.Build.0 = Release|Any CPU
		{444F0CA4-FF59-4288-B517-81FFDFDA18C7}.Debug|Any CPU.ActiveCfg = Debug|Any CPU
		{444F0CA4-FF59-4288-B517-81FFDFDA18C7}.Debug|Any CPU.Build.0 = Debug|Any CPU
		{444F0CA4-FF59-4288-B517-81FFDFDA18C7}.Release|Any CPU.ActiveCfg = Release|Any CPU
		{444F0CA4-FF59-4288-B517-81FFDFDA18C7}.Release|Any CPU.Build.0 = Release|Any CPU
		{6A6ABF11-8230-4BB7-B10E-A27626202999}.Debug|Any CPU.ActiveCfg = Debug|Any CPU
		{6A6ABF11-8230-4BB7-B10E-A27626202999}.Debug|Any CPU.Build.0 = Debug|Any CPU
		{6A6ABF11-8230-4BB7-B10E-A27626202999}.Release|Any CPU.ActiveCfg = Release|Any CPU
		{6A6ABF11-8230-4BB7-B10E-A27626202999}.Release|Any CPU.Build.0 = Release|Any CPU
	EndGlobalSection
	GlobalSection(SolutionProperties) = preSolution
		HideSolutionNode = FALSE
	EndGlobalSection
	GlobalSection(NestedProjects) = preSolution
		{19556493-8DC3-4037-9B1B-1C6C76FD2324} = {F313EE6E-D395-4C4F-BBE8-B896F910034A}
		{04D85AD3-F456-4FF6-BD9B-08F4A5B89D6B} = {F313EE6E-D395-4C4F-BBE8-B896F910034A}
		{F313EE6E-D395-4C4F-BBE8-B896F910034A} = {2D39AE4B-B8E5-4E74-9DCE-35A6D4AD9BE8}
		{A63206E9-66C6-4BF6-A547-00CC125DAB62} = {F313EE6E-D395-4C4F-BBE8-B896F910034A}
		{25A55FF5-A906-4818-98B8-EA465E15E34C} = {2F457731-5E8F-4FDB-BC56-09855D3E6DED}
		{0689C6ED-3692-4A54-842E-91C8C57D108A} = {F313EE6E-D395-4C4F-BBE8-B896F910034A}
		{5DE30F9C-E514-4C25-967F-78AE7DD14C29} = {25A55FF5-A906-4818-98B8-EA465E15E34C}
		{F891E15B-B0F0-4E45-87F0-CB35ABB87D22} = {19556493-8DC3-4037-9B1B-1C6C76FD2324}
		{9BDABD13-03D9-4AE1-A7F3-1D55F38EC1FD} = {A63206E9-66C6-4BF6-A547-00CC125DAB62}
		{596B796C-5697-4F35-88D6-0EF2EF36A6EE} = {04D85AD3-F456-4FF6-BD9B-08F4A5B89D6B}
		{444F0CA4-FF59-4288-B517-81FFDFDA18C7} = {04D85AD3-F456-4FF6-BD9B-08F4A5B89D6B}
		{6A6ABF11-8230-4BB7-B10E-A27626202999} = {04D85AD3-F456-4FF6-BD9B-08F4A5B89D6B}
	EndGlobalSection
	GlobalSection(ExtensibilityGlobals) = postSolution
		SolutionGuid = {84ADCFBB-8499-4714-96FC-83193EA8DB1D}
	EndGlobalSection
EndGlobal
